
Microsoft Visual Studio Solution File, Format Version 12.00
# Visual Studio Version 17
VisualStudioVersion = 17.9.34607.119
MinimumVisualStudioVersion = 10.0.40219.1
Project("{FAE04EC0-301F-11D3-BF4B-00C04F79EFBC}") = "WF_C#_Main_Project_Game", "WF_C#_Main_Project_Game\WF_C#_Main_Project_Game.csproj", "{B720FD7B-A121-459E-B46A-53A516ABF6D3}"
EndProject
Global
	GlobalSection(SolutionConfigurationPlatforms) = preSolution
		Debug|Any CPU = Debug|Any CPU
		Release|Any CPU = Release|Any CPU
	EndGlobalSection
	GlobalSection(ProjectConfigurationPlatforms) = postSolution
		{B720FD7B-A121-459E-B46A-53A516ABF6D3}.Debug|Any CPU.ActiveCfg = Debug|Any CPU
		{B720FD7B-A121-459E-B46A-53A516ABF6D3}.Debug|Any CPU.Build.0 = Debug|Any CPU
		{B720FD7B-A121-459E-B46A-53A516ABF6D3}.Release|Any CPU.ActiveCfg = Release|Any CPU
		{B720FD7B-A121-459E-B46A-53A516ABF6D3}.Release|Any CPU.Build.0 = Release|Any CPU
	EndGlobalSection
	GlobalSection(SolutionProperties) = preSolution
		HideSolutionNode = FALSE
	EndGlobalSection
	GlobalSection(ExtensibilityGlobals) = postSolution
		SolutionGuid = {16AE6CA9-1730-46CF-9911-D1C48DE15D25}
	EndGlobalSection
EndGlobal
